
Microsoft Visual Studio Solution File, Format Version 12.00
# Visual Studio Version 17
VisualStudioVersion = 17.11.35222.181
MinimumVisualStudioVersion = 10.0.40219.1
Project("{9A19103F-16F7-4668-BE54-9A1E7A4F7556}") = "1-Giris", "1-Giris\1-Giris.csproj", "{896407EC-8A48-4F95-9E06-3EBB63761870}"
EndProject
Project("{9A19103F-16F7-4668-BE54-9A1E7A4F7556}") = "2-ClassOrnekler", "2-ClassOrnekler\2-ClassOrnekler.csproj", "{D6656AAC-EF08-47E2-8989-16AFBFE5EC80}"
EndProject
Project("{FAE04EC0-301F-11D3-BF4B-00C04F79EFBC}") = "3-ClassLib", "3-ClassLib\3-ClassLib.csproj", "{15DEC709-4B33-4837-A4FF-E6FA4030D6A2}"
EndProject
Project("{FAE04EC0-301F-11D3-BF4B-00C04F79EFBC}") = "4-LibraryKullanimi", "4-LibraryKullanimi\4-LibraryKullanimi.csproj", "{F406DEE6-A774-4CC4-B465-2FC0C1C555FA}"
EndProject
Global
	GlobalSection(SolutionConfigurationPlatforms) = preSolution
		Debug|Any CPU = Debug|Any CPU
		Release|Any CPU = Release|Any CPU
	EndGlobalSection
	GlobalSection(ProjectConfigurationPlatforms) = postSolution
		{896407EC-8A48-4F95-9E06-3EBB63761870}.Debug|Any CPU.ActiveCfg = Debug|Any CPU
		{896407EC-8A48-4F95-9E06-3EBB63761870}.Debug|Any CPU.Build.0 = Debug|Any CPU
		{896407EC-8A48-4F95-9E06-3EBB63761870}.Release|Any CPU.ActiveCfg = Release|Any CPU
		{896407EC-8A48-4F95-9E06-3EBB63761870}.Release|Any CPU.Build.0 = Release|Any CPU
		{D6656AAC-EF08-47E2-8989-16AFBFE5EC80}.Debug|Any CPU.ActiveCfg = Debug|Any CPU
		{D6656AAC-EF08-47E2-8989-16AFBFE5EC80}.Debug|Any CPU.Build.0 = Debug|Any CPU
		{D6656AAC-EF08-47E2-8989-16AFBFE5EC80}.Release|Any CPU.ActiveCfg = Release|Any CPU
		{D6656AAC-EF08-47E2-8989-16AFBFE5EC80}.Release|Any CPU.Build.0 = Release|Any CPU
		{15DEC709-4B33-4837-A4FF-E6FA4030D6A2}.Debug|Any CPU.ActiveCfg = Debug|Any CPU
		{15DEC709-4B33-4837-A4FF-E6FA4030D6A2}.Debug|Any CPU.Build.0 = Debug|Any CPU
		{15DEC709-4B33-4837-A4FF-E6FA4030D6A2}.Release|Any CPU.ActiveCfg = Release|Any CPU
		{15DEC709-4B33-4837-A4FF-E6FA4030D6A2}.Release|Any CPU.Build.0 = Release|Any CPU
		{F406DEE6-A774-4CC4-B465-2FC0C1C555FA}.Debug|Any CPU.ActiveCfg = Debug|Any CPU
		{F406DEE6-A774-4CC4-B465-2FC0C1C555FA}.Debug|Any CPU.Build.0 = Debug|Any CPU
		{F406DEE6-A774-4CC4-B465-2FC0C1C555FA}.Release|Any CPU.ActiveCfg = Release|Any CPU
		{F406DEE6-A774-4CC4-B465-2FC0C1C555FA}.Release|Any CPU.Build.0 = Release|Any CPU
	EndGlobalSection
	GlobalSection(SolutionProperties) = preSolution
		HideSolutionNode = FALSE
	EndGlobalSection
	GlobalSection(ExtensibilityGlobals) = postSolution
		SolutionGuid = {C0681A26-2C7A-4EDD-9709-B593AF604DDC}
	EndGlobalSection
EndGlobal
